
Microsoft Visual Studio Solution File, Format Version 12.00
# Visual Studio Version 17
VisualStudioVersion = 17.0.31903.59
MinimumVisualStudioVersion = 10.0.40219.1
Project("{2150E333-8FDC-42A3-9474-1A3956D46DE8}") = "src", "src", "{827E0CD3-B72D-47B6-A68D-7590B98EB39B}"
EndProject
Project("{FAE04EC0-301F-11D3-BF4B-00C04F79EFBC}") = "WinterMP.Core", "src\WinterMP.Core\WinterMP.Core.csproj", "{47EDC1E9-4D74-41E1-85B1-8C56028E74FD}"
EndProject
Project("{FAE04EC0-301F-11D3-BF4B-00C04F79EFBC}") = "WinterMP.Server", "src\WinterMP.Server\WinterMP.Server.csproj", "{60974F4D-EF83-47B5-853E-A449BF740501}"
EndProject
Project("{2150E333-8FDC-42A3-9474-1A3956D46DE8}") = "tests", "tests", "{0AB3BF05-4346-4AA6-1389-037BE0695223}"
EndProject
Project("{FAE04EC0-301F-11D3-BF4B-00C04F79EFBC}") = "WinterMP.Core.Tests", "tests\WinterMP.Core.Tests\WinterMP.Core.Tests.csproj", "{0E4450C2-2858-4B47-A18D-A61A788AA534}"
EndProject
Project("{2150E333-8FDC-42A3-9474-1A3956D46DE8}") = "tools", "tools", "{07C2787E-EAC7-C090-1BA3-A61EC2A24D84}"
EndProject
Project("{FAE04EC0-301F-11D3-BF4B-00C04F79EFBC}") = "WinterMP.Bot", "tools\WinterMP.Bot\WinterMP.Bot.csproj", "{D5C6A045-41D6-4157-B0C0-2A6697E68721}"
EndProject
Global
	GlobalSection(SolutionConfigurationPlatforms) = preSolution
		Debug|Any CPU = Debug|Any CPU
		Debug|x64 = Debug|x64
		Debug|x86 = Debug|x86
		Release|Any CPU = Release|Any CPU
		Release|x64 = Release|x64
		Release|x86 = Release|x86
	EndGlobalSection
	GlobalSection(ProjectConfigurationPlatforms) = postSolution
		{47EDC1E9-4D74-41E1-85B1-8C56028E74FD}.Debug|Any CPU.ActiveCfg = Debug|Any CPU
		{47EDC1E9-4D74-41E1-85B1-8C56028E74FD}.Debug|Any CPU.Build.0 = Debug|Any CPU
		{47EDC1E9-4D74-41E1-85B1-8C56028E74FD}.Debug|x64.ActiveCfg = Debug|Any CPU
		{47EDC1E9-4D74-41E1-85B1-8C56028E74FD}.Debug|x64.Build.0 = Debug|Any CPU
		{47EDC1E9-4D74-41E1-85B1-8C56028E74FD}.Debug|x86.ActiveCfg = Debug|Any CPU
		{47EDC1E9-4D74-41E1-85B1-8C56028E74FD}.Debug|x86.Build.0 = Debug|Any CPU
		{47EDC1E9-4D74-41E1-85B1-8C56028E74FD}.Release|Any CPU.ActiveCfg = Release|Any CPU
		{47EDC1E9-4D74-41E1-85B1-8C56028E74FD}.Release|Any CPU.Build.0 = Release|Any CPU
		{47EDC1E9-4D74-41E1-85B1-8C56028E74FD}.Release|x64.ActiveCfg = Release|Any CPU
		{47EDC1E9-4D74-41E1-85B1-8C56028E74FD}.Release|x64.Build.0 = Release|Any CPU
		{47EDC1E9-4D74-41E1-85B1-8C56028E74FD}.Release|x86.ActiveCfg = Release|Any CPU
		{47EDC1E9-4D74-41E1-85B1-8C56028E74FD}.Release|x86.Build.0 = Release|Any CPU
		{60974F4D-EF83-47B5-853E-A449BF740501}.Debug|Any CPU.ActiveCfg = Debug|Any CPU
		{60974F4D-EF83-47B5-853E-A449BF740501}.Debug|Any CPU.Build.0 = Debug|Any CPU
		{60974F4D-EF83-47B5-853E-A449BF740501}.Debug|x64.ActiveCfg = Debug|Any CPU
		{60974F4D-EF83-47B5-853E-A449BF740501}.Debug|x64.Build.0 = Debug|Any CPU
		{60974F4D-EF83-47B5-853E-A449BF740501}.Debug|x86.ActiveCfg = Debug|Any CPU
		{60974F4D-EF83-47B5-853E-A449BF740501}.Debug|x86.Build.0 = Debug|Any CPU
		{60974F4D-EF83-47B5-853E-A449BF740501}.Release|Any CPU.ActiveCfg = Release|Any CPU
		{60974F4D-EF83-47B5-853E-A449BF740501}.Release|Any CPU.Build.0 = Release|Any CPU
		{60974F4D-EF83-47B5-853E-A449BF740501}.Release|x64.ActiveCfg = Release|Any CPU
		{60974F4D-EF83-47B5-853E-A449BF740501}.Release|x64.Build.0 = Release|Any CPU
		{60974F4D-EF83-47B5-853E-A449BF740501}.Release|x86.ActiveCfg = Release|Any CPU
		{60974F4D-EF83-47B5-853E-A449BF740501}.Release|x86.Build.0 = Release|Any CPU
		{0E4450C2-2858-4B47-A18D-A61A788AA534}.Debug|Any CPU.ActiveCfg = Debug|Any CPU
		{0E4450C2-2858-4B47-A18D-A61A788AA534}.Debug|Any CPU.Build.0 = Debug|Any CPU
		{0E4450C2-2858-4B47-A18D-A61A788AA534}.Debug|x64.ActiveCfg = Debug|Any CPU
		{0E4450C2-2858-4B47-A18D-A61A788AA534}.Debug|x64.Build.0 = Debug|Any CPU
		{0E4450C2-2858-4B47-A18D-A61A788AA534}.Debug|x86.ActiveCfg = Debug|Any CPU
		{0E4450C2-2858-4B47-A18D-A61A788AA534}.Debug|x86.Build.0 = Debug|Any CPU
		{0E4450C2-2858-4B47-A18D-A61A788AA534}.Release|Any CPU.ActiveCfg = Release|Any CPU
		{0E4450C2-2858-4B47-A18D-A61A788AA534}.Release|Any CPU.Build.0 = Release|Any CPU
		{0E4450C2-2858-4B47-A18D-A61A788AA534}.Release|x64.ActiveCfg = Release|Any CPU
		{0E4450C2-2858-4B47-A18D-A61A788AA534}.Release|x64.Build.0 = Release|Any CPU
		{0E4450C2-2858-4B47-A18D-A61A788AA534}.Release|x86.ActiveCfg = Release|Any CPU
		{0E4450C2-2858-4B47-A18D-A61A788AA534}.Release|x86.Build.0 = Release|Any CPU
		{D5C6A045-41D6-4157-B0C0-2A6697E68721}.Debug|Any CPU.ActiveCfg = Debug|Any CPU
		{D5C6A045-41D6-4157-B0C0-2A6697E68721}.Debug|Any CPU.Build.0 = Debug|Any CPU
		{D5C6A045-41D6-4157-B0C0-2A6697E68721}.Debug|x64.ActiveCfg = Debug|Any CPU
		{D5C6A045-41D6-4157-B0C0-2A6697E68721}.Debug|x64.Build.0 = Debug|Any CPU
		{D5C6A045-41D6-4157-B0C0-2A6697E68721}.Debug|x86.ActiveCfg = Debug|Any CPU
		{D5C6A045-41D6-4157-B0C0-2A6697E68721}.Debug|x86.Build.0 = Debug|Any CPU
		{D5C6A045-41D6-4157-B0C0-2A6697E68721}.Release|Any CPU.ActiveCfg = Release|Any CPU
		{D5C6A045-41D6-4157-B0C0-2A6697E68721}.Release|Any CPU.Build.0 = Release|Any CPU
		{D5C6A045-41D6-4157-B0C0-2A6697E68721}.Release|x64.ActiveCfg = Release|Any CPU
		{D5C6A045-41D6-4157-B0C0-2A6697E68721}.Release|x64.Build.0 = Release|Any CPU
		{D5C6A045-41D6-4157-B0C0-2A6697E68721}.Release|x86.ActiveCfg = Release|Any CPU
		{D5C6A045-41D6-4157-B0C0-2A6697E68721}.Release|x86.Build.0 = Release|Any CPU
	EndGlobalSection
	GlobalSection(SolutionProperties) = preSolution
		HideSolutionNode = FALSE
	EndGlobalSection
	GlobalSection(NestedProjects) = preSolution
		{47EDC1E9-4D74-41E1-85B1-8C56028E74FD} = {827E0CD3-B72D-47B6-A68D-7590B98EB39B}
		{60974F4D-EF83-47B5-853E-A449BF740501} = {827E0CD3-B72D-47B6-A68D-7590B98EB39B}
		{0E4450C2-2858-4B47-A18D-A61A788AA534} = {0AB3BF05-4346-4AA6-1389-037BE0695223}
		{D5C6A045-41D6-4157-B0C0-2A6697E68721} = {07C2787E-EAC7-C090-1BA3-A61EC2A24D84}
	EndGlobalSection
EndGlobal
